
Microsoft Visual Studio Solution File, Format Version 12.00
# Visual Studio 15
VisualStudioVersion = 15.0.28307.168
MinimumVisualStudioVersion = 10.0.40219.1
Project("{8BC9CEB8-8B4A-11D0-8D11-00A0C91BC942}") = "palindrome_number", "palindrome_number\palindrome_number.vcxproj", "{350D957A-D023-4867-82C8-148B0B1C53FA}"
EndProject
Project("{8BC9CEB8-8B4A-11D0-8D11-00A0C91BC942}") = "expressive_words", "expressive_words\expressive_words.vcxproj", "{85575DBF-056B-4CB5-83AF-DB83408DF150}"
EndProject
Project("{8BC9CEB8-8B4A-11D0-8D11-00A0C91BC942}") = "search_in_rotated_sorted_array", "search_in_rotated_sorted_array\search_in_rotated_sorted_array.vcxproj", "{C81BE24E-132A-451B-B155-4EE04A290327}"
EndProject
Project("{8BC9CEB8-8B4A-11D0-8D11-00A0C91BC942}") = "two_sum", "two_sum\two_sum.vcxproj", "{3696FF4D-70EC-474B-AB33-4D275D61009D}"
EndProject
Project("{8BC9CEB8-8B4A-11D0-8D11-00A0C91BC942}") = "reverse_a_singly_linked_list", "reverse_a_singly_linked_list\reverse_a_singly_linked_list.vcxproj", "{35B02756-89DC-4A0E-8781-0FE0AA1882D0}"
EndProject
Project("{8BC9CEB8-8B4A-11D0-8D11-00A0C91BC942}") = "reverse_a_singly_linked_list_2", "reverse_a_singly_linked_list_2\reverse_a_singly_linked_list_2.vcxproj", "{409888CC-7959-47B9-B495-E3A1D9A695A2}"
EndProject
Project("{8BC9CEB8-8B4A-11D0-8D11-00A0C91BC942}") = "binary_tree_level_order_traversal", "binary_tree_level_order_traversal\binary_tree_level_order_traversal.vcxproj", "{731A6A41-7708-42EB-8BD0-6F8BA9AB0E0D}"
EndProject
Project("{8BC9CEB8-8B4A-11D0-8D11-00A0C91BC942}") = "sort_list", "sort_list\sort_list.vcxproj", "{ACB51D45-591C-431A-B4B4-3A055D23BFE3}"
EndProject
Project("{8BC9CEB8-8B4A-11D0-8D11-00A0C91BC942}") = "pow_x_n", "pow_x_n\pow_x_n.vcxproj", "{46BF1B16-EFA0-44C7-88B0-57798F866AA5}"
EndProject
Project("{8BC9CEB8-8B4A-11D0-8D11-00A0C91BC942}") = "range", "range\range.vcxproj", "{6B654F2B-7FFF-49AC-BF72-B2B9DED0D4BD}"
EndProject
Project("{8BC9CEB8-8B4A-11D0-8D11-00A0C91BC942}") = "zuma", "zuma\zuma.vcxproj", "{4CAA12FB-F239-49B1-987A-0F3AFC9E6158}"
EndProject
Project("{8BC9CEB8-8B4A-11D0-8D11-00A0C91BC942}") = "longest_substring_without_repeating_characters", "longest_substring_without_repeating_characters\longest_substring_without_repeating_characters.vcxproj", "{8EDADB5F-8818-480D-AE9A-86D64CA20BF3}"
EndProject
Project("{8BC9CEB8-8B4A-11D0-8D11-00A0C91BC942}") = "light_house", "light_house\light_house.vcxproj", "{8770E67B-0FA9-4357-9BC7-F70DD9ABF21F}"
EndProject
Project("{8BC9CEB8-8B4A-11D0-8D11-00A0C91BC942}") = "median_of_twoP_sorted_arrays", "median_of_twoP_sorted_arrays\median_of_twoP_sorted_arrays.vcxproj", "{7EEA6501-D3FC-42EB-BD39-6FEA22C81CE4}"
EndProject
Project("{8BC9CEB8-8B4A-11D0-8D11-00A0C91BC942}") = "longest_palindromic_substring", "longest_palindromic_substring\longest_palindromic_substring.vcxproj", "{5ACDD251-BB71-4655-82BE-16E36088E29A}"
EndProject
Project("{8BC9CEB8-8B4A-11D0-8D11-00A0C91BC942}") = "ZigZag_conversion", "ZigZag_conversion\ZigZag_conversion.vcxproj", "{5ECC5C90-2F63-49F3-BFA1-25AC60ECB91C}"
EndProject
Global
	GlobalSection(SolutionConfigurationPlatforms) = preSolution
		Debug|x64 = Debug|x64
		Debug|x86 = Debug|x86
		Release|x64 = Release|x64
		Release|x86 = Release|x86
	EndGlobalSection
	GlobalSection(ProjectConfigurationPlatforms) = postSolution
		{350D957A-D023-4867-82C8-148B0B1C53FA}.Debug|x64.ActiveCfg = Debug|x64
		{350D957A-D023-4867-82C8-148B0B1C53FA}.Debug|x64.Build.0 = Debug|x64
		{350D957A-D023-4867-82C8-148B0B1C53FA}.Debug|x86.ActiveCfg = Debug|Win32
		{350D957A-D023-4867-82C8-148B0B1C53FA}.Debug|x86.Build.0 = Debug|Win32
		{350D957A-D023-4867-82C8-148B0B1C53FA}.Release|x64.ActiveCfg = Release|x64
		{350D957A-D023-4867-82C8-148B0B1C53FA}.Release|x64.Build.0 = Release|x64
		{350D957A-D023-4867-82C8-148B0B1C53FA}.Release|x86.ActiveCfg = Release|Win32
		{350D957A-D023-4867-82C8-148B0B1C53FA}.Release|x86.Build.0 = Release|Win32
		{85575DBF-056B-4CB5-83AF-DB83408DF150}.Debug|x64.ActiveCfg = Debug|x64
		{85575DBF-056B-4CB5-83AF-DB83408DF150}.Debug|x64.Build.0 = Debug|x64
		{85575DBF-056B-4CB5-83AF-DB83408DF150}.Debug|x86.ActiveCfg = Debug|Win32
		{85575DBF-056B-4CB5-83AF-DB83408DF150}.Debug|x86.Build.0 = Debug|Win32
		{85575DBF-056B-4CB5-83AF-DB83408DF150}.Release|x64.ActiveCfg = Release|x64
		{85575DBF-056B-4CB5-83AF-DB83408DF150}.Release|x64.Build.0 = Release|x64
		{85575DBF-056B-4CB5-83AF-DB83408DF150}.Release|x86.ActiveCfg = Release|Win32
		{85575DBF-056B-4CB5-83AF-DB83408DF150}.Release|x86.Build.0 = Release|Win32
		{C81BE24E-132A-451B-B155-4EE04A290327}.Debug|x64.ActiveCfg = Debug|x64
		{C81BE24E-132A-451B-B155-4EE04A290327}.Debug|x64.Build.0 = Debug|x64
		{C81BE24E-132A-451B-B155-4EE04A290327}.Debug|x86.ActiveCfg = Debug|Win32
		{C81BE24E-132A-451B-B155-4EE04A290327}.Debug|x86.Build.0 = Debug|Win32
		{C81BE24E-132A-451B-B155-4EE04A290327}.Release|x64.ActiveCfg = Release|x64
		{C81BE24E-132A-451B-B155-4EE04A290327}.Release|x64.Build.0 = Release|x64
		{C81BE24E-132A-451B-B155-4EE04A290327}.Release|x86.ActiveCfg = Release|Win32
		{C81BE24E-132A-451B-B155-4EE04A290327}.Release|x86.Build.0 = Release|Win32
		{3696FF4D-70EC-474B-AB33-4D275D61009D}.Debug|x64.ActiveCfg = Debug|x64
		{3696FF4D-70EC-474B-AB33-4D275D61009D}.Debug|x64.Build.0 = Debug|x64
		{3696FF4D-70EC-474B-AB33-4D275D61009D}.Debug|x86.ActiveCfg = Debug|Win32
		{3696FF4D-70EC-474B-AB33-4D275D61009D}.Debug|x86.Build.0 = Debug|Win32
		{3696FF4D-70EC-474B-AB33-4D275D61009D}.Release|x64.ActiveCfg = Release|x64
		{3696FF4D-70EC-474B-AB33-4D275D61009D}.Release|x64.Build.0 = Release|x64
		{3696FF4D-70EC-474B-AB33-4D275D61009D}.Release|x86.ActiveCfg = Release|Win32
		{3696FF4D-70EC-474B-AB33-4D275D61009D}.Release|x86.Build.0 = Release|Win32
		{35B02756-89DC-4A0E-8781-0FE0AA1882D0}.Debug|x64.ActiveCfg = Debug|x64
		{35B02756-89DC-4A0E-8781-0FE0AA1882D0}.Debug|x64.Build.0 = Debug|x64
		{35B02756-89DC-4A0E-8781-0FE0AA1882D0}.Debug|x86.ActiveCfg = Debug|Win32
		{35B02756-89DC-4A0E-8781-0FE0AA1882D0}.Debug|x86.Build.0 = Debug|Win32
		{35B02756-89DC-4A0E-8781-0FE0AA1882D0}.Release|x64.ActiveCfg = Release|x64
		{35B02756-89DC-4A0E-8781-0FE0AA1882D0}.Release|x64.Build.0 = Release|x64
		{35B02756-89DC-4A0E-8781-0FE0AA1882D0}.Release|x86.ActiveCfg = Release|Win32
		{35B02756-89DC-4A0E-8781-0FE0AA1882D0}.Release|x86.Build.0 = Release|Win32
		{409888CC-7959-47B9-B495-E3A1D9A695A2}.Debug|x64.ActiveCfg = Debug|x64
		{409888CC-7959-47B9-B495-E3A1D9A695A2}.Debug|x64.Build.0 = Debug|x64
		{409888CC-7959-47B9-B495-E3A1D9A695A2}.Debug|x86.ActiveCfg = Debug|Win32
		{409888CC-7959-47B9-B495-E3A1D9A695A2}.Debug|x86.Build.0 = Debug|Win32
		{409888CC-7959-47B9-B495-E3A1D9A695A2}.Release|x64.ActiveCfg = Release|x64
		{409888CC-7959-47B9-B495-E3A1D9A695A2}.Release|x64.Build.0 = Release|x64
		{409888CC-7959-47B9-B495-E3A1D9A695A2}.Release|x86.ActiveCfg = Release|Win32
		{409888CC-7959-47B9-B495-E3A1D9A695A2}.Release|x86.Build.0 = Release|Win32
		{731A6A41-7708-42EB-8BD0-6F8BA9AB0E0D}.Debug|x64.ActiveCfg = Debug|x64
		{731A6A41-7708-42EB-8BD0-6F8BA9AB0E0D}.Debug|x64.Build.0 = Debug|x64
		{731A6A41-7708-42EB-8BD0-6F8BA9AB0E0D}.Debug|x86.ActiveCfg = Debug|Win32
		{731A6A41-7708-42EB-8BD0-6F8BA9AB0E0D}.Debug|x86.Build.0 = Debug|Win32
		{731A6A41-7708-42EB-8BD0-6F8BA9AB0E0D}.Release|x64.ActiveCfg = Release|x64
		{731A6A41-7708-42EB-8BD0-6F8BA9AB0E0D}.Release|x64.Build.0 = Release|x64
		{731A6A41-7708-42EB-8BD0-6F8BA9AB0E0D}.Release|x86.ActiveCfg = Release|Win32
		{731A6A41-7708-42EB-8BD0-6F8BA9AB0E0D}.Release|x86.Build.0 = Release|Win32
		{ACB51D45-591C-431A-B4B4-3A055D23BFE3}.Debug|x64.ActiveCfg = Debug|x64
		{ACB51D45-591C-431A-B4B4-3A055D23BFE3}.Debug|x64.Build.0 = Debug|x64
		{ACB51D45-591C-431A-B4B4-3A055D23BFE3}.Debug|x86.ActiveCfg = Debug|Win32
		{ACB51D45-591C-431A-B4B4-3A055D23BFE3}.Debug|x86.Build.0 = Debug|Win32
		{ACB51D45-591C-431A-B4B4-3A055D23BFE3}.Release|x64.ActiveCfg = Release|x64
		{ACB51D45-591C-431A-B4B4-3A055D23BFE3}.Release|x64.Build.0 = Release|x64
		{ACB51D45-591C-431A-B4B4-3A055D23BFE3}.Release|x86.ActiveCfg = Release|Win32
		{ACB51D45-591C-431A-B4B4-3A055D23BFE3}.Release|x86.Build.0 = Release|Win32
		{46BF1B16-EFA0-44C7-88B0-57798F866AA5}.Debug|x64.ActiveCfg = Debug|x64
		{46BF1B16-EFA0-44C7-88B0-57798F866AA5}.Debug|x64.Build.0 = Debug|x64
		{46BF1B16-EFA0-44C7-88B0-57798F866AA5}.Debug|x86.ActiveCfg = Debug|Win32
		{46BF1B16-EFA0-44C7-88B0-57798F866AA5}.Debug|x86.Build.0 = Debug|Win32
		{46BF1B16-EFA0-44C7-88B0-57798F866AA5}.Release|x64.ActiveCfg = Release|x64
		{46BF1B16-EFA0-44C7-88B0-57798F866AA5}.Release|x64.Build.0 = Release|x64
		{46BF1B16-EFA0-44C7-88B0-57798F866AA5}.Release|x86.ActiveCfg = Release|Win32
		{46BF1B16-EFA0-44C7-88B0-57798F866AA5}.Release|x86.Build.0 = Release|Win32
		{6B654F2B-7FFF-49AC-BF72-B2B9DED0D4BD}.Debug|x64.ActiveCfg = Debug|x64
		{6B654F2B-7FFF-49AC-BF72-B2B9DED0D4BD}.Debug|x64.Build.0 = Debug|x64
		{6B654F2B-7FFF-49AC-BF72-B2B9DED0D4BD}.Debug|x86.ActiveCfg = Debug|Win32
		{6B654F2B-7FFF-49AC-BF72-B2B9DED0D4BD}.Debug|x86.Build.0 = Debug|Win32
		{6B654F2B-7FFF-49AC-BF72-B2B9DED0D4BD}.Release|x64.ActiveCfg = Release|x64
		{6B654F2B-7FFF-49AC-BF72-B2B9DED0D4BD}.Release|x64.Build.0 = Release|x64
		{6B654F2B-7FFF-49AC-BF72-B2B9DED0D4BD}.Release|x86.ActiveCfg = Release|Win32
		{6B654F2B-7FFF-49AC-BF72-B2B9DED0D4BD}.Release|x86.Build.0 = Release|Win32
		{4CAA12FB-F239-49B1-987A-0F3AFC9E6158}.Debug|x64.ActiveCfg = Debug|x64
		{4CAA12FB-F239-49B1-987A-0F3AFC9E6158}.Debug|x64.Build.0 = Debug|x64
		{4CAA12FB-F239-49B1-987A-0F3AFC9E6158}.Debug|x86.ActiveCfg = Debug|Win32
		{4CAA12FB-F239-49B1-987A-0F3AFC9E6158}.Debug|x86.Build.0 = Debug|Win32
		{4CAA12FB-F239-49B1-987A-0F3AFC9E6158}.Release|x64.ActiveCfg = Release|x64
		{4CAA12FB-F239-49B1-987A-0F3AFC9E6158}.Release|x64.Build.0 = Release|x64
		{4CAA12FB-F239-49B1-987A-0F3AFC9E6158}.Release|x86.ActiveCfg = Release|Win32
		{4CAA12FB-F239-49B1-987A-0F3AFC9E6158}.Release|x86.Build.0 = Release|Win32
		{8EDADB5F-8818-480D-AE9A-86D64CA20BF3}.Debug|x64.ActiveCfg = Debug|x64
		{8EDADB5F-8818-480D-AE9A-86D64CA20BF3}.Debug|x64.Build.0 = Debug|x64
		{8EDADB5F-8818-480D-AE9A-86D64CA20BF3}.Debug|x86.ActiveCfg = Debug|Win32
		{8EDADB5F-8818-480D-AE9A-86D64CA20BF3}.Debug|x86.Build.0 = Debug|Win32
		{8EDADB5F-8818-480D-AE9A-86D64CA20BF3}.Release|x64.ActiveCfg = Release|x64
		{8EDADB5F-8818-480D-AE9A-86D64CA20BF3}.Release|x64.Build.0 = Release|x64
		{8EDADB5F-8818-480D-AE9A-86D64CA20BF3}.Release|x86.ActiveCfg = Release|Win32
		{8EDADB5F-8818-480D-AE9A-86D64CA20BF3}.Release|x86.Build.0 = Release|Win32
		{8770E67B-0FA9-4357-9BC7-F70DD9ABF21F}.Debug|x64.ActiveCfg = Debug|x64
		{8770E67B-0FA9-4357-9BC7-F70DD9ABF21F}.Debug|x64.Build.0 = Debug|x64
		{8770E67B-0FA9-4357-9BC7-F70DD9ABF21F}.Debug|x86.ActiveCfg = Debug|Win32
		{8770E67B-0FA9-4357-9BC7-F70DD9ABF21F}.Debug|x86.Build.0 = Debug|Win32
		{8770E67B-0FA9-4357-9BC7-F70DD9ABF21F}.Release|x64.ActiveCfg = Release|x64
		{8770E67B-0FA9-4357-9BC7-F70DD9ABF21F}.Release|x64.Build.0 = Release|x64
		{8770E67B-0FA9-4357-9BC7-F70DD9ABF21F}.Release|x86.ActiveCfg = Release|Win32
		{8770E67B-0FA9-4357-9BC7-F70DD9ABF21F}.Release|x86.Build.0 = Release|Win32
		{7EEA6501-D3FC-42EB-BD39-6FEA22C81CE4}.Debug|x64.ActiveCfg = Debug|x64
		{7EEA6501-D3FC-42EB-BD39-6FEA22C81CE4}.Debug|x64.Build.0 = Debug|x64
		{7EEA6501-D3FC-42EB-BD39-6FEA22C81CE4}.Debug|x86.ActiveCfg = Debug|Win32
		{7EEA6501-D3FC-42EB-BD39-6FEA22C81CE4}.Debug|x86.Build.0 = Debug|Win32
		{7EEA6501-D3FC-42EB-BD39-6FEA22C81CE4}.Release|x64.ActiveCfg = Release|x64
		{7EEA6501-D3FC-42EB-BD39-6FEA22C81CE4}.Release|x64.Build.0 = Release|x64
		{7EEA6501-D3FC-42EB-BD39-6FEA22C81CE4}.Release|x86.ActiveCfg = Release|Win32
		{7EEA6501-D3FC-42EB-BD39-6FEA22C81CE4}.Release|x86.Build.0 = Release|Win32
		{5ACDD251-BB71-4655-82BE-16E36088E29A}.Debug|x64.ActiveCfg = Debug|x64
		{5ACDD251-BB71-4655-82BE-16E36088E29A}.Debug|x64.Build.0 = Debug|x64
		{5ACDD251-BB71-4655-82BE-16E36088E29A}.Debug|x86.ActiveCfg = Debug|Win32
		{5ACDD251-BB71-4655-82BE-16E36088E29A}.Debug|x86.Build.0 = Debug|Win32
		{5ACDD251-BB71-4655-82BE-16E36088E29A}.Release|x64.ActiveCfg = Release|x64
		{5ACDD251-BB71-4655-82BE-16E36088E29A}.Release|x64.Build.0 = Release|x64
		{5ACDD251-BB71-4655-82BE-16E36088E29A}.Release|x86.ActiveCfg = Release|Win32
		{5ACDD251-BB71-4655-82BE-16E36088E29A}.Release|x86.Build.0 = Release|Win32
		{5ECC5C90-2F63-49F3-BFA1-25AC60ECB91C}.Debug|x64.ActiveCfg = Debug|x64
		{5ECC5C90-2F63-49F3-BFA1-25AC60ECB91C}.Debug|x64.Build.0 = Debug|x64
		{5ECC5C90-2F63-49F3-BFA1-25AC60ECB91C}.Debug|x86.ActiveCfg = Debug|Win32
		{5ECC5C90-2F63-49F3-BFA1-25AC60ECB91C}.Debug|x86.Build.0 = Debug|Win32
		{5ECC5C90-2F63-49F3-BFA1-25AC60ECB91C}.Release|x64.ActiveCfg = Release|x64
		{5ECC5C90-2F63-49F3-BFA1-25AC60ECB91C}.Release|x64.Build.0 = Release|x64
		{5ECC5C90-2F63-49F3-BFA1-25AC60ECB91C}.Release|x86.ActiveCfg = Release|Win32
		{5ECC5C90-2F63-49F3-BFA1-25AC60ECB91C}.Release|x86.Build.0 = Release|Win32
	EndGlobalSection
	GlobalSection(SolutionProperties) = preSolution
		HideSolutionNode = FALSE
	EndGlobalSection
	GlobalSection(ExtensibilityGlobals) = postSolution
		SolutionGuid = {9C627280-DCDA-4663-B7A8-CDBFB1CF83B2}
	EndGlobalSection
EndGlobal
